// !$*UTF8*$!
{
	archiveVersion = 1;
	classes = {
	};
	objectVersion = 46;
	objects = {

/* Begin PBXBuildFile section */
		514281C01BDA7E710050B73F /* APDatePickerDayCell.m in Sources */ = {isa = PBXBuildFile; fileRef = 514281BE1BDA7E710050B73F /* APDatePickerDayCell.m */; };
		514281C11BDA7E710050B73F /* APDatePickerDayCell.xib in Resources */ = {isa = PBXBuildFile; fileRef = 514281BF1BDA7E710050B73F /* APDatePickerDayCell.xib */; };
		514281C51BDA7E910050B73F /* APDatePickerMonthCell.m in Sources */ = {isa = PBXBuildFile; fileRef = 514281C31BDA7E910050B73F /* APDatePickerMonthCell.m */; };
		514281C61BDA7E910050B73F /* APDatePickerMonthCell.xib in Resources */ = {isa = PBXBuildFile; fileRef = 514281C41BDA7E910050B73F /* APDatePickerMonthCell.xib */; };
		51A5F6631BDA798F00BF1441 /* main.m in Sources */ = {isa = PBXBuildFile; fileRef = 51A5F6621BDA798F00BF1441 /* main.m */; };
		51A5F6661BDA798F00BF1441 /* AppDelegate.m in Sources */ = {isa = PBXBuildFile; fileRef = 51A5F6651BDA798F00BF1441 /* AppDelegate.m */; };
		51A5F6691BDA798F00BF1441 /* ViewController.m in Sources */ = {isa = PBXBuildFile; fileRef = 51A5F6681BDA798F00BF1441 /* ViewController.m */; };
		51A5F66C1BDA798F00BF1441 /* Main.storyboard in Resources */ = {isa = PBXBuildFile; fileRef = 51A5F66A1BDA798F00BF1441 /* Main.storyboard */; };
		51A5F66E1BDA798F00BF1441 /* Assets.xcassets in Resources */ = {isa = PBXBuildFile; fileRef = 51A5F66D1BDA798F00BF1441 /* Assets.xcassets */; };
		51A5F6711BDA798F00BF1441 /* LaunchScreen.storyboard in Resources */ = {isa = PBXBuildFile; fileRef = 51A5F66F1BDA798F00BF1441 /* LaunchScreen.storyboard */; };
		51A5F67C1BDA798F00BF1441 /* APDatePickerTests.m in Sources */ = {isa = PBXBuildFile; fileRef = 51A5F67B1BDA798F00BF1441 /* APDatePickerTests.m */; };
		51A5F6871BDA798F00BF1441 /* APDatePickerUITests.m in Sources */ = {isa = PBXBuildFile; fileRef = 51A5F6861BDA798F00BF1441 /* APDatePickerUITests.m */; };
		51A5F6971BDA79CA00BF1441 /* APDatePicker.m in Sources */ = {isa = PBXBuildFile; fileRef = 51A5F6951BDA79CA00BF1441 /* APDatePicker.m */; };
		51A5F6981BDA79CA00BF1441 /* APDatePicker.xib in Resources */ = {isa = PBXBuildFile; fileRef = 51A5F6961BDA79CA00BF1441 /* APDatePicker.xib */; };
/* End PBXBuildFile section */

/* Begin PBXContainerItemProxy section */
		51A5F6781BDA798F00BF1441 /* PBXContainerItemProxy */ = {
			isa = PBXContainerItemProxy;
			containerPortal = 51A5F6561BDA798F00BF1441 /* Project object */;
			proxyType = 1;
			remoteGlobalIDString = 51A5F65D1BDA798F00BF1441;
			remoteInfo = APDatePicker;
		};
		51A5F6831BDA798F00BF1441 /* PBXContainerItemProxy */ = {
			isa = PBXContainerItemProxy;
			containerPortal = 51A5F6561BDA798F00BF1441 /* Project object */;
			proxyType = 1;
			remoteGlobalIDString = 51A5F65D1BDA798F00BF1441;
			remoteInfo = APDatePicker;
		};
/* End PBXContainerItemProxy section */

/* Begin PBXFileReference section */
		514281BD1BDA7E710050B73F /* APDatePickerDayCell.h */ = {isa = PBXFileReference; fileEncoding = 4; lastKnownFileType = sourcecode.c.h; path = APDatePickerDayCell.h; sourceTree = "<group>"; };
		514281BE1BDA7E710050B73F /* APDatePickerDayCell.m */ = {isa = PBXFileReference; fileEncoding = 4; lastKnownFileType = sourcecode.c.objc; path = APDatePickerDayCell.m; sourceTree = "<group>"; };
		514281BF1BDA7E710050B73F /* APDatePickerDayCell.xib */ = {isa = PBXFileReference; fileEncoding = 4; lastKnownFileType = file.xib; path = APDatePickerDayCell.xib; sourceTree = "<group>"; };
		514281C21BDA7E910050B73F /* APDatePickerMonthCell.h */ = {isa = PBXFileReference; fileEncoding = 4; lastKnownFileType = sourcecode.c.h; path = APDatePickerMonthCell.h; sourceTree = "<group>"; };
		514281C31BDA7E910050B73F /* APDatePickerMonthCell.m */ = {isa = PBXFileReference; fileEncoding = 4; lastKnownFileType = sourcecode.c.objc; path = APDatePickerMonthCell.m; sourceTree = "<group>"; };
		514281C41BDA7E910050B73F /* APDatePickerMonthCell.xib */ = {isa = PBXFileReference; fileEncoding = 4; lastKnownFileType = file.xib; path = APDatePickerMonthCell.xib; sourceTree = "<group>"; };
		514281C71BDA8EF50050B73F /* APDatePickerStyleSheet.h */ = {isa = PBXFileReference; fileEncoding = 4; lastKnownFileType = sourcecode.c.h; path = APDatePickerStyleSheet.h; sourceTree = "<group>"; };
		51A5F65E1BDA798F00BF1441 /* APDatePicker.app */ = {isa = PBXFileReference; explicitFileType = wrapper.application; includeInIndex = 0; path = APDatePicker.app; sourceTree = BUILT_PRODUCTS_DIR; };
		51A5F6621BDA798F00BF1441 /* main.m */ = {isa = PBXFileReference; lastKnownFileType = sourcecode.c.objc; path = main.m; sourceTree = "<group>"; };
		51A5F6641BDA798F00BF1441 /* AppDelegate.h */ = {isa = PBXFileReference; lastKnownFileType = sourcecode.c.h; path = AppDelegate.h; sourceTree = "<group>"; };
		51A5F6651BDA798F00BF1441 /* AppDelegate.m */ = {isa = PBXFileReference; lastKnownFileType = sourcecode.c.objc; path = AppDelegate.m; sourceTree = "<group>"; };
		51A5F6671BDA798F00BF1441 /* ViewController.h */ = {isa = PBXFileReference; lastKnownFileType = sourcecode.c.h; path = ViewController.h; sourceTree = "<group>"; };
		51A5F6681BDA798F00BF1441 /* ViewController.m */ = {isa = PBXFileReference; lastKnownFileType = sourcecode.c.objc; path = ViewController.m; sourceTree = "<group>"; };
		51A5F66B1BDA798F00BF1441 /* Base */ = {isa = PBXFileReference; lastKnownFileType = file.storyboard; name = Base; path = Base.lproj/Main.storyboard; sourceTree = "<group>"; };
		51A5F66D1BDA798F00BF1441 /* Assets.xcassets */ = {isa = PBXFileReference; lastKnownFileType = folder.assetcatalog; path = Assets.xcassets; sourceTree = "<group>"; };
		51A5F6701BDA798F00BF1441 /* Base */ = {isa = PBXFileReference; lastKnownFileType = file.storyboard; name = Base; path = Base.lproj/LaunchScreen.storyboard; sourceTree = "<group>"; };
		51A5F6721BDA798F00BF1441 /* Info.plist */ = {isa = PBXFileReference; lastKnownFileType = text.plist.xml; path = Info.plist; sourceTree = "<group>"; };
		51A5F6771BDA798F00BF1441 /* APDatePickerTests.xctest */ = {isa = PBXFileReference; explicitFileType = wrapper.cfbundle; includeInIndex = 0; path = APDatePickerTests.xctest; sourceTree = BUILT_PRODUCTS_DIR; };
		51A5F67B1BDA798F00BF1441 /* APDatePickerTests.m */ = {isa = PBXFileReference; lastKnownFileType = sourcecode.c.objc; path = APDatePickerTests.m; sourceTree = "<group>"; };
		51A5F67D1BDA798F00BF1441 /* Info.plist */ = {isa = PBXFileReference; lastKnownFileType = text.plist.xml; path = Info.plist; sourceTree = "<group>"; };
		51A5F6821BDA798F00BF1441 /* APDatePickerUITests.xctest */ = {isa = PBXFileReference; explicitFileType = wrapper.cfbundle; includeInIndex = 0; path = APDatePickerUITests.xctest; sourceTree = BUILT_PRODUCTS_DIR; };
		51A5F6861BDA798F00BF1441 /* APDatePickerUITests.m */ = {isa = PBXFileReference; lastKnownFileType = sourcecode.c.objc; path = APDatePickerUITests.m; sourceTree = "<group>"; };
		51A5F6881BDA798F00BF1441 /* Info.plist */ = {isa = PBXFileReference; lastKnownFileType = text.plist.xml; path = Info.plist; sourceTree = "<group>"; };
		51A5F6941BDA79CA00BF1441 /* APDatePicker.h */ = {isa = PBXFileReference; fileEncoding = 4; lastKnownFileType = sourcecode.c.h; path = APDatePicker.h; sourceTree = "<group>"; };
		51A5F6951BDA79CA00BF1441 /* APDatePicker.m */ = {isa = PBXFileReference; fileEncoding = 4; lastKnownFileType = sourcecode.c.objc; path = APDatePicker.m; sourceTree = "<group>"; };
		51A5F6961BDA79CA00BF1441 /* APDatePicker.xib */ = {isa = PBXFileReference; fileEncoding = 4; lastKnownFileType = file.xib; path = APDatePicker.xib; sourceTree = "<group>"; };
/* End PBXFileReference section */

/* Begin PBXFrameworksBuildPhase section */
		51A5F65B1BDA798F00BF1441 /* Frameworks */ = {
			isa = PBXFrameworksBuildPhase;
			buildActionMask = 2147483647;
			files = (
			);
			runOnlyForDeploymentPostprocessing = 0;
		};
		51A5F6741BDA798F00BF1441 /* Frameworks */ = {
			isa = PBXFrameworksBuildPhase;
			buildActionMask = 2147483647;
			files = (
			);
			runOnlyForDeploymentPostprocessing = 0;
		};
		51A5F67F1BDA798F00BF1441 /* Frameworks */ = {
			isa = PBXFrameworksBuildPhase;
			buildActionMask = 2147483647;
			files = (
			);
			runOnlyForDeploymentPostprocessing = 0;
		};
/* End PBXFrameworksBuildPhase section */

/* Begin PBXGroup section */
		51A5F6551BDA798F00BF1441 = {
			isa = PBXGroup;
			children = (
				51A5F6601BDA798F00BF1441 /* APDatePicker */,
				51A5F67A1BDA798F00BF1441 /* APDatePickerTests */,
				51A5F6851BDA798F00BF1441 /* APDatePickerUITests */,
				51A5F65F1BDA798F00BF1441 /* Products */,
			);
			sourceTree = "<group>";
		};
		51A5F65F1BDA798F00BF1441 /* Products */ = {
			isa = PBXGroup;
			children = (
				51A5F65E1BDA798F00BF1441 /* APDatePicker.app */,
				51A5F6771BDA798F00BF1441 /* APDatePickerTests.xctest */,
				51A5F6821BDA798F00BF1441 /* APDatePickerUITests.xctest */,
			);
			name = Products;
			sourceTree = "<group>";
		};
		51A5F6601BDA798F00BF1441 /* APDatePicker */ = {
			isa = PBXGroup;
			children = (
				51A5F6641BDA798F00BF1441 /* AppDelegate.h */,
				51A5F6651BDA798F00BF1441 /* AppDelegate.m */,
				51A5F6671BDA798F00BF1441 /* ViewController.h */,
				51A5F6681BDA798F00BF1441 /* ViewController.m */,
				51A5F66A1BDA798F00BF1441 /* Main.storyboard */,
				514281C71BDA8EF50050B73F /* APDatePickerStyleSheet.h */,
				51A5F6941BDA79CA00BF1441 /* APDatePicker.h */,
				51A5F6951BDA79CA00BF1441 /* APDatePicker.m */,
				51A5F6961BDA79CA00BF1441 /* APDatePicker.xib */,
				514281BD1BDA7E710050B73F /* APDatePickerDayCell.h */,
				514281BE1BDA7E710050B73F /* APDatePickerDayCell.m */,
				514281BF1BDA7E710050B73F /* APDatePickerDayCell.xib */,
				514281C21BDA7E910050B73F /* APDatePickerMonthCell.h */,
				514281C31BDA7E910050B73F /* APDatePickerMonthCell.m */,
				514281C41BDA7E910050B73F /* APDatePickerMonthCell.xib */,
				51A5F66D1BDA798F00BF1441 /* Assets.xcassets */,
				51A5F66F1BDA798F00BF1441 /* LaunchScreen.storyboard */,
				51A5F6721BDA798F00BF1441 /* Info.plist */,
				51A5F6611BDA798F00BF1441 /* Supporting Files */,
			);
			path = APDatePicker;
			sourceTree = "<group>";
		};
		51A5F6611BDA798F00BF1441 /* Supporting Files */ = {
			isa = PBXGroup;
			children = (
				51A5F6621BDA798F00BF1441 /* main.m */,
			);
			name = "Supporting Files";
			sourceTree = "<group>";
		};
		51A5F67A1BDA798F00BF1441 /* APDatePickerTests */ = {
			isa = PBXGroup;
			children = (
				51A5F67B1BDA798F00BF1441 /* APDatePickerTests.m */,
				51A5F67D1BDA798F00BF1441 /* Info.plist */,
			);
			path = APDatePickerTests;
			sourceTree = "<group>";
		};
		51A5F6851BDA798F00BF1441 /* APDatePickerUITests */ = {
			isa = PBXGroup;
			children = (
				51A5F6861BDA798F00BF1441 /* APDatePickerUITests.m */,
				51A5F6881BDA798F00BF1441 /* Info.plist */,
			);
			path = APDatePickerUITests;
			sourceTree = "<group>";
		};
/* End PBXGroup section */

/* Begin PBXNativeTarget section */
		51A5F65D1BDA798F00BF1441 /* APDatePicker */ = {
			isa = PBXNativeTarget;
			buildConfigurationList = 51A5F68B1BDA798F00BF1441 /* Build configuration list for PBXNativeTarget "APDatePicker" */;
			buildPhases = (
				51A5F65A1BDA798F00BF1441 /* Sources */,
				51A5F65B1BDA798F00BF1441 /* Frameworks */,
				51A5F65C1BDA798F00BF1441 /* Resources */,
			);
			buildRules = (
			);
			dependencies = (
			);
			name = APDatePicker;
			productName = APDatePicker;
			productReference = 51A5F65E1BDA798F00BF1441 /* APDatePicker.app */;
			productType = "com.apple.product-type.application";
		};
		51A5F6761BDA798F00BF1441 /* APDatePickerTests */ = {
			isa = PBXNativeTarget;
			buildConfigurationList = 51A5F68E1BDA798F00BF1441 /* Build configuration list for PBXNativeTarget "APDatePickerTests" */;
			buildPhases = (
				51A5F6731BDA798F00BF1441 /* Sources */,
				51A5F6741BDA798F00BF1441 /* Frameworks */,
				51A5F6751BDA798F00BF1441 /* Resources */,
			);
			buildRules = (
			);
			dependencies = (
				51A5F6791BDA798F00BF1441 /* PBXTargetDependency */,
			);
			name = APDatePickerTests;
			productName = APDatePickerTests;
			productReference = 51A5F6771BDA798F00BF1441 /* APDatePickerTests.xctest */;
			productType = "com.apple.product-type.bundle.unit-test";
		};
		51A5F6811BDA798F00BF1441 /* APDatePickerUITests */ = {
			isa = PBXNativeTarget;
			buildConfigurationList = 51A5F6911BDA798F00BF1441 /* Build configuration list for PBXNativeTarget "APDatePickerUITests" */;
			buildPhases = (
				51A5F67E1BDA798F00BF1441 /* Sources */,
				51A5F67F1BDA798F00BF1441 /* Frameworks */,
				51A5F6801BDA798F00BF1441 /* Resources */,
			);
			buildRules = (
			);
			dependencies = (
				51A5F6841BDA798F00BF1441 /* PBXTargetDependency */,
			);
			name = APDatePickerUITests;
			productName = APDatePickerUITests;
			productReference = 51A5F6821BDA798F00BF1441 /* APDatePickerUITests.xctest */;
			productType = "com.apple.product-type.bundle.ui-testing";
		};
/* End PBXNativeTarget section */

/* Begin PBXProject section */
		51A5F6561BDA798F00BF1441 /* Project object */ = {
			isa = PBXProject;
			attributes = {
				LastUpgradeCheck = 0710;
				ORGANIZATIONNAME = "Alfredo Perez";
				TargetAttributes = {
					51A5F65D1BDA798F00BF1441 = {
						CreatedOnToolsVersion = 7.1;
					};
					51A5F6761BDA798F00BF1441 = {
						CreatedOnToolsVersion = 7.1;
						TestTargetID = 51A5F65D1BDA798F00BF1441;
					};
					51A5F6811BDA798F00BF1441 = {
						CreatedOnToolsVersion = 7.1;
						TestTargetID = 51A5F65D1BDA798F00BF1441;
					};
				};
			};
			buildConfigurationList = 51A5F6591BDA798F00BF1441 /* Build configuration list for PBXProject "APDatePicker" */;
			compatibilityVersion = "Xcode 3.2";
			developmentRegion = English;
			hasScannedForEncodings = 0;
			knownRegions = (
				en,
				Base,
			);
			mainGroup = 51A5F6551BDA798F00BF1441;
			productRefGroup = 51A5F65F1BDA798F00BF1441 /* Products */;
			projectDirPath = "";
			projectRoot = "";
			targets = (
				51A5F65D1BDA798F00BF1441 /* APDatePicker */,
				51A5F6761BDA798F00BF1441 /* APDatePickerTests */,
				51A5F6811BDA798F00BF1441 /* APDatePickerUITests */,
			);
		};
/* End PBXProject section */

/* Begin PBXResourcesBuildPhase section */
		51A5F65C1BDA798F00BF1441 /* Resources */ = {
			isa = PBXResourcesBuildPhase;
			buildActionMask = 2147483647;
			files = (
				51A5F6711BDA798F00BF1441 /* LaunchScreen.storyboard in Resources */,
				51A5F66E1BDA798F00BF1441 /* Assets.xcassets in Resources */,
				514281C11BDA7E710050B73F /* APDatePickerDayCell.xib in Resources */,
				51A5F6981BDA79CA00BF1441 /* APDatePicker.xib in Resources */,
				51A5F66C1BDA798F00BF1441 /* Main.storyboard in Resources */,
				514281C61BDA7E910050B73F /* APDatePickerMonthCell.xib in Resources */,
			);
			runOnlyForDeploymentPostprocessing = 0;
		};
		51A5F6751BDA798F00BF1441 /* Resources */ = {
			isa = PBXResourcesBuildPhase;
			buildActionMask = 2147483647;
			files = (
			);
			runOnlyForDeploymentPostprocessing = 0;
		};
		51A5F6801BDA798F00BF1441 /* Resources */ = {
			isa = PBXResourcesBuildPhase;
			buildActionMask = 2147483647;
			files = (
			);
			runOnlyForDeploymentPostprocessing = 0;
		};
/* End PBXResourcesBuildPhase section */

/* Begin PBXSourcesBuildPhase section */
		51A5F65A1BDA798F00BF1441 /* Sources */ = {
			isa = PBXSourcesBuildPhase;
			buildActionMask = 2147483647;
			files = (
				51A5F6691BDA798F00BF1441 /* ViewController.m in Sources */,
				514281C51BDA7E910050B73F /* APDatePickerMonthCell.m in Sources */,
				514281C01BDA7E710050B73F /* APDatePickerDayCell.m in Sources */,
				51A5F6661BDA798F00BF1441 /* AppDelegate.m in Sources */,
				51A5F6971BDA79CA00BF1441 /* APDatePicker.m in Sources */,
				51A5F6631BDA798F00BF1441 /* main.m in Sources */,
			);
			runOnlyForDeploymentPostprocessing = 0;
		};
		51A5F6731BDA798F00BF1441 /* Sources */ = {
			isa = PBXSourcesBuildPhase;
			buildActionMask = 2147483647;
			files = (
				51A5F67C1BDA798F00BF1441 /* APDatePickerTests.m in Sources */,
			);
			runOnlyForDeploymentPostprocessing = 0;
		};
		51A5F67E1BDA798F00BF1441 /* Sources */ = {
			isa = PBXSourcesBuildPhase;
			buildActionMask = 2147483647;
			files = (
				51A5F6871BDA798F00BF1441 /* APDatePickerUITests.m in Sources */,
			);
			runOnlyForDeploymentPostprocessing = 0;
		};
/* End PBXSourcesBuildPhase section */

/* Begin PBXTargetDependency section */
		51A5F6791BDA798F00BF1441 /* PBXTargetDependency */ = {
			isa = PBXTargetDependency;
			target = 51A5F65D1BDA798F00BF1441 /* APDatePicker */;
			targetProxy = 51A5F6781BDA798F00BF1441 /* PBXContainerItemProxy */;
		};
		51A5F6841BDA798F00BF1441 /* PBXTargetDependency */ = {
			isa = PBXTargetDependency;
			target = 51A5F65D1BDA798F00BF1441 /* APDatePicker */;
			targetProxy = 51A5F6831BDA798F00BF1441 /* PBXContainerItemProxy */;
		};
/* End PBXTargetDependency section */

/* Begin PBXVariantGroup section */
		51A5F66A1BDA798F00BF1441 /* Main.storyboard */ = {
			isa = PBXVariantGroup;
			children = (
				51A5F66B1BDA798F00BF1441 /* Base */,
			);
			name = Main.storyboard;
			sourceTree = "<group>";
		};
		51A5F66F1BDA798F00BF1441 /* LaunchScreen.storyboard */ = {
			isa = PBXVariantGroup;
			children = (
				51A5F6701BDA798F00BF1441 /* Base */,
			);
			name = LaunchScreen.storyboard;
			sourceTree = "<group>";
		};
/* End PBXVariantGroup section */

/* Begin XCBuildConfiguration section */
		51A5F6891BDA798F00BF1441 /* Debug */ = {
			isa = XCBuildConfiguration;
			buildSettings = {
				ALWAYS_SEARCH_USER_PATHS = NO;
				CLANG_CXX_LANGUAGE_STANDARD = "gnu++0x";
				CLANG_CXX_LIBRARY = "libc++";
				CLANG_ENABLE_MODULES = YES;
				CLANG_ENABLE_OBJC_ARC = YES;
				CLANG_WARN_BOOL_CONVERSION = YES;
				CLANG_WARN_CONSTANT_CONVERSION = YES;
				CLANG_WARN_DIRECT_OBJC_ISA_USAGE = YES_ERROR;
				CLANG_WARN_EMPTY_BODY = YES;
				CLANG_WARN_ENUM_CONVERSION = YES;
				CLANG_WARN_INT_CONVERSION = YES;
				CLANG_WARN_OBJC_ROOT_CLASS = YES_ERROR;
				CLANG_WARN_UNREACHABLE_CODE = YES;
				CLANG_WARN__DUPLICATE_METHOD_MATCH = YES;
				"CODE_SIGN_IDENTITY[sdk=iphoneos*]" = "iPhone Developer";
				COPY_PHASE_STRIP = NO;
				DEBUG_INFORMATION_FORMAT = dwarf;
				ENABLE_STRICT_OBJC_MSGSEND = YES;
				ENABLE_TESTABILITY = YES;
				GCC_C_LANGUAGE_STANDARD = gnu99;
				GCC_DYNAMIC_NO_PIC = NO;
				GCC_NO_COMMON_BLOCKS = YES;
				GCC_OPTIMIZATION_LEVEL = 0;
				GCC_PREPROCESSOR_DEFINITIONS = (
					"DEBUG=1",
					"$(inherited)",
				);
				GCC_WARN_64_TO_32_BIT_CONVERSION = YES;
				GCC_WARN_ABOUT_RETURN_TYPE = YES_ERROR;
				GCC_WARN_UNDECLARED_SELECTOR = YES;
				GCC_WARN_UNINITIALIZED_AUTOS = YES_AGGRESSIVE;
				GCC_WARN_UNUSED_FUNCTION = YES;
				GCC_WARN_UNUSED_VARIABLE = YES;
				IPHONEOS_DEPLOYMENT_TARGET = 9.1;
				MTL_ENABLE_DEBUG_INFO = YES;
				ONLY_ACTIVE_ARCH = YES;
				SDKROOT = iphoneos;
				TARGETED_DEVICE_FAMILY = "1,2";
			};
			name = Debug;
		};
		51A5F68A1BDA798F00BF1441 /* Release */ = {
			isa = XCBuildConfiguration;
			buildSettings = {
				ALWAYS_SEARCH_USER_PATHS = NO;
				CLANG_CXX_LANGUAGE_STANDARD = "gnu++0x";
				CLANG_CXX_LIBRARY = "libc++";
				CLANG_ENABLE_MODULES = YES;
				CLANG_ENABLE_OBJC_ARC = YES;
				CLANG_WARN_BOOL_CONVERSION = YES;
				CLANG_WARN_CONSTANT_CONVERSION = YES;
				CLANG_WARN_DIRECT_OBJC_ISA_USAGE = YES_ERROR;
				CLANG_WARN_EMPTY_BODY = YES;
				CLANG_WARN_ENUM_CONVERSION = YES;
				CLANG_WARN_INT_CONVERSION = YES;
				CLANG_WARN_OBJC_ROOT_CLASS = YES_ERROR;
				CLANG_WARN_UNREACHABLE_CODE = YES;
				CLANG_WARN__DUPLICATE_METHOD_MATCH = YES;
				"CODE_SIGN_IDENTITY[sdk=iphoneos*]" = "iPhone Developer";
				COPY_PHASE_STRIP = NO;
				DEBUG_INFORMATION_FORMAT = "dwarf-with-dsym";
				ENABLE_NS_ASSERTIONS = NO;
				ENABLE_STRICT_OBJC_MSGSEND = YES;
				GCC_C_LANGUAGE_STANDARD = gnu99;
				GCC_NO_COMMON_BLOCKS = YES;
				GCC_WARN_64_TO_32_BIT_CONVERSION = YES;
				GCC_WARN_ABOUT_RETURN_TYPE = YES_ERROR;
				GCC_WARN_UNDECLARED_SELECTOR = YES;
				GCC_WARN_UNINITIALIZED_AUTOS = YES_AGGRESSIVE;
				GCC_WARN_UNUSED_FUNCTION = YES;
				GCC_WARN_UNUSED_VARIABLE = YES;
				IPHONEOS_DEPLOYMENT_TARGET = 9.1;
				MTL_ENABLE_DEBUG_INFO = NO;
				SDKROOT = iphoneos;
				TARGETED_DEVICE_FAMILY = "1,2";
				VALIDATE_PRODUCT = YES;
			};
			name = Release;
		};
		51A5F68C1BDA798F00BF1441 /* Debug */ = {
			isa = XCBuildConfiguration;
			buildSettings = {
				ASSETCATALOG_COMPILER_APPICON_NAME = AppIcon;
				INFOPLIST_FILE = APDatePicker/Info.plist;
				LD_RUNPATH_SEARCH_PATHS = "$(inherited) @executable_path/Frameworks";
				PRODUCT_BUNDLE_IDENTIFIER = asd.APDatePicker;
				PRODUCT_NAME = "$(TARGET_NAME)";
			};
			name = Debug;
		};
		51A5F68D1BDA798F00BF1441 /* Release */ = {
			isa = XCBuildConfiguration;
			buildSettings = {
				ASSETCATALOG_COMPILER_APPICON_NAME = AppIcon;
				INFOPLIST_FILE = APDatePicker/Info.plist;
				LD_RUNPATH_SEARCH_PATHS = "$(inherited) @executable_path/Frameworks";
				PRODUCT_BUNDLE_IDENTIFIER = asd.APDatePicker;
				PRODUCT_NAME = "$(TARGET_NAME)";
			};
			name = Release;
		};
		51A5F68F1BDA798F00BF1441 /* Debug */ = {
			isa = XCBuildConfiguration;
			buildSettings = {
				BUNDLE_LOADER = "$(TEST_HOST)";
				INFOPLIST_FILE = APDatePickerTests/Info.plist;
				LD_RUNPATH_SEARCH_PATHS = "$(inherited) @executable_path/Frameworks @loader_path/Frameworks";
				PRODUCT_BUNDLE_IDENTIFIER = asd.APDatePickerTests;
				PRODUCT_NAME = "$(TARGET_NAME)";
				TEST_HOST = "$(BUILT_PRODUCTS_DIR)/APDatePicker.app/APDatePicker";
			};
			name = Debug;
		};
		51A5F6901BDA798F00BF1441 /* Release */ = {
			isa = XCBuildConfiguration;
			buildSettings = {
				BUNDLE_LOADER = "$(TEST_HOST)";
				INFOPLIST_FILE = APDatePickerTests/Info.plist;
				LD_RUNPATH_SEARCH_PATHS = "$(inherited) @executable_path/Frameworks @loader_path/Frameworks";
				PRODUCT_BUNDLE_IDENTIFIER = asd.APDatePickerTests;
				PRODUCT_NAME = "$(TARGET_NAME)";
				TEST_HOST = "$(BUILT_PRODUCTS_DIR)/APDatePicker.app/APDatePicker";
			};
			name = Release;
		};
		51A5F6921BDA798F00BF1441 /* Debug */ = {
			isa = XCBuildConfiguration;
			buildSettings = {
				INFOPLIST_FILE = APDatePickerUITests/Info.plist;
				LD_RUNPATH_SEARCH_PATHS = "$(inherited) @executable_path/Frameworks @loader_path/Frameworks";
				PRODUCT_BUNDLE_IDENTIFIER = asd.APDatePickerUITests;
				PRODUCT_NAME = "$(TARGET_NAME)";
				TEST_TARGET_NAME = APDatePicker;
				USES_XCTRUNNER = YES;
			};
			name = Debug;
		};
		51A5F6931BDA798F00BF1441 /* Release */ = {
			isa = XCBuildConfiguration;
			buildSettings = {
				INFOPLIST_FILE = APDatePickerUITests/Info.plist;
				LD_RUNPATH_SEARCH_PATHS = "$(inherited) @executable_path/Frameworks @loader_path/Frameworks";
				PRODUCT_BUNDLE_IDENTIFIER = asd.APDatePickerUITests;
				PRODUCT_NAME = "$(TARGET_NAME)";
				TEST_TARGET_NAME = APDatePicker;
				USES_XCTRUNNER = YES;
			};
			name = Release;
		};
/* End XCBuildConfiguration section */

/* Begin XCConfigurationList section */
		51A5F6591BDA798F00BF1441 /* Build configuration list for PBXProject "APDatePicker" */ = {
			isa = XCConfigurationList;
			buildConfigurations = (
				51A5F6891BDA798F00BF1441 /* Debug */,
				51A5F68A1BDA798F00BF1441 /* Release */,
			);
			defaultConfigurationIsVisible = 0;
			defaultConfigurationName = Release;
		};
		51A5F68B1BDA798F00BF1441 /* Build configuration list for PBXNativeTarget "APDatePicker" */ = {
			isa = XCConfigurationList;
			buildConfigurations = (
				51A5F68C1BDA798F00BF1441 /* Debug */,
				51A5F68D1BDA798F00BF1441 /* Release */,
			);
			defaultConfigurationIsVisible = 0;
			defaultConfigurationName = Release;
		};
		51A5F68E1BDA798F00BF1441 /* Build configuration list for PBXNativeTarget "APDatePickerTests" */ = {
			isa = XCConfigurationList;
			buildConfigurations = (
				51A5F68F1BDA798F00BF1441 /* Debug */,
				51A5F6901BDA798F00BF1441 /* Release */,
			);
			defaultConfigurationIsVisible = 0;
			defaultConfigurationName = Release;
		};
		51A5F6911BDA798F00BF1441 /* Build configuration list for PBXNativeTarget "APDatePickerUITests" */ = {
			isa = XCConfigurationList;
			buildConfigurations = (
				51A5F6921BDA798F00BF1441 /* Debug */,
				51A5F6931BDA798F00BF1441 /* Release */,
			);
			defaultConfigurationIsVisible = 0;
			defaultConfigurationName = Release;
		};
/* End XCConfigurationList section */
	};
	rootObject = 51A5F6561BDA798F00BF1441 /* Project object */;
}
